
Microsoft Visual Studio Solution File, Format Version 12.00
# Visual Studio 15
VisualStudioVersion = 15.0.26730.15
MinimumVisualStudioVersion = 10.0.40219.1
Project("{8BC9CEB8-8B4A-11D0-8D11-00A0C91BC942}") = "bootstrap", "code\bootstrap\bootstrap.vcxproj", "{33A09D2D-70DD-44AF-90C7-BD600F9ACE51}"
	ProjectSection(ProjectDependencies) = postProject
		{BD909449-2803-4004-96D6-32F811382BF0} = {BD909449-2803-4004-96D6-32F811382BF0}
		{75BBD480-FB3D-45E0-84B7-EF28B0993A2A} = {75BBD480-FB3D-45E0-84B7-EF28B0993A2A}
		{95B68F9D-6106-44AC-A567-C84925ABF249} = {95B68F9D-6106-44AC-A567-C84925ABF249}
		{6ECA4FDA-9944-488C-AB29-A0045344878E} = {6ECA4FDA-9944-488C-AB29-A0045344878E}
		{F5DFB9DB-AB8B-4AC3-9F7B-23A891DF2F1A} = {F5DFB9DB-AB8B-4AC3-9F7B-23A891DF2F1A}
		{3E76CDE2-37E8-4E04-94C2-19EEFED7F69F} = {3E76CDE2-37E8-4E04-94C2-19EEFED7F69F}
	EndProjectSection
EndProject
Project("{2150E333-8FDC-42A3-9474-1A3956D46DE8}") = "system", "system", "{F1CC5A53-273A-4388-AA77-ECC508226680}"
EndProject
Project("{8BC9CEB8-8B4A-11D0-8D11-00A0C91BC942}") = "input", "code\input\input.vcxproj", "{15DAE8E3-4C6A-4BD3-895F-546150F7F91E}"
EndProject
Project("{8BC9CEB8-8B4A-11D0-8D11-00A0C91BC942}") = "window", "code\window\window.vcxproj", "{95B68F9D-6106-44AC-A567-C84925ABF249}"
EndProject
Project("{2150E333-8FDC-42A3-9474-1A3956D46DE8}") = "applications", "applications", "{93ADB045-E958-465D-8FFC-0102475021CC}"
EndProject
Project("{8BC9CEB8-8B4A-11D0-8D11-00A0C91BC942}") = "test_app", "code\test_app\test_app.vcxproj", "{BD909449-2803-4004-96D6-32F811382BF0}"
	ProjectSection(ProjectDependencies) = postProject
		{6ECA4FDA-9944-488C-AB29-A0045344878E} = {6ECA4FDA-9944-488C-AB29-A0045344878E}
	EndProjectSection
EndProject
Project("{2150E333-8FDC-42A3-9474-1A3956D46DE8}") = "application", "application", "{95B07EA6-F88B-4DDA-983D-F5F76089C387}"
	ProjectSection(SolutionItems) = preProject
		code\application\application_plugin.h = code\application\application_plugin.h
	EndProjectSection
EndProject
Project("{8BC9CEB8-8B4A-11D0-8D11-00A0C91BC942}") = "filesystem", "code\filesystem\filesystem.vcxproj", "{6ECA4FDA-9944-488C-AB29-A0045344878E}"
EndProject
Project("{2150E333-8FDC-42A3-9474-1A3956D46DE8}") = "engine", "engine", "{AADCCE2A-0F9D-4323-921D-23EEC1D57F43}"
EndProject
Project("{8BC9CEB8-8B4A-11D0-8D11-00A0C91BC942}") = "rdi_backend", "code\rdi_backend\rdi_backend.vcxproj", "{F442CD81-4B2A-4AC2-8592-609CE3965B5C}"
EndProject
Project("{2150E333-8FDC-42A3-9474-1A3956D46DE8}") = "tools", "tools", "{B33D4C09-2BEA-4E31-83D8-6D3F443EBFD0}"
EndProject
Project("{8BC9CEB8-8B4A-11D0-8D11-00A0C91BC942}") = "shader_compiler", "code\shader_compiler\shader_compiler.vcxproj", "{37D909AE-46D5-4B92-AFA0-7FCD8E4159B6}"
EndProject
Project("{8BC9CEB8-8B4A-11D0-8D11-00A0C91BC942}") = "rdix", "code\rdix\rdix.vcxproj", "{8EC396C6-9853-45A0-94FE-BCFEBFE647D4}"
EndProject
Project("{2150E333-8FDC-42A3-9474-1A3956D46DE8}") = "3rd_party", "3rd_party", "{1AF9234A-2745-4B17-A852-A7A0AC0E405A}"
EndProject
Project("{8BC9CEB8-8B4A-11D0-8D11-00A0C91BC942}") = "pugixml", "code\3rd_party\pugixml\pugixml.vcxproj", "{CB5BDC22-7F9E-4AA9-A33E-D5C3A8BF7FF1}"
EndProject
Project("{2150E333-8FDC-42A3-9474-1A3956D46DE8}") = "renderer", "renderer", "{2EAD5EAC-09EE-4927-B2D3-EBC6803B5205}"
EndProject
Project("{8BC9CEB8-8B4A-11D0-8D11-00A0C91BC942}") = "gfx", "code\gfx\gfx.vcxproj", "{8333F018-A7D7-4BA7-8E2C-44655620860F}"
EndProject
Project("{8BC9CEB8-8B4A-11D0-8D11-00A0C91BC942}") = "asset_app", "code\asset_app\asset_app.vcxproj", "{3E76CDE2-37E8-4E04-94C2-19EEFED7F69F}"
	ProjectSection(ProjectDependencies) = postProject
		{1FAFF81C-CCB1-45CD-8187-802646CFF6E6} = {1FAFF81C-CCB1-45CD-8187-802646CFF6E6}
	EndProjectSection
EndProject
Project("{8BC9CEB8-8B4A-11D0-8D11-00A0C91BC942}") = "shaders", "code\shaders\shaders.vcxproj", "{42304925-462C-4B9F-922F-8AE0E02F2CCC}"
EndProject
Project("{8BC9CEB8-8B4A-11D0-8D11-00A0C91BC942}") = "AnyOption", "code\3rd_party\AnyOption\AnyOption.vcxproj", "{075D1924-EB5A-4BE3-9A27-D366F6CE77A8}"
EndProject
Project("{8BC9CEB8-8B4A-11D0-8D11-00A0C91BC942}") = "entity", "code\entity\entity.vcxproj", "{ECE75F49-497F-4B51-98DF-EB5C82A87A4C}"
	ProjectSection(ProjectDependencies) = postProject
		{81E2EC47-FEDA-4C4D-A6F7-493C4B92D2FF} = {81E2EC47-FEDA-4C4D-A6F7-493C4B92D2FF}
		{9FB86E9A-AE7F-4295-A36B-0EAD0DF7D749} = {9FB86E9A-AE7F-4295-A36B-0EAD0DF7D749}
	EndProjectSection
EndProject
Project("{8BC9CEB8-8B4A-11D0-8D11-00A0C91BC942}") = "rtti", "code\rtti\rtti.vcxproj", "{F5DFB9DB-AB8B-4AC3-9F7B-23A891DF2F1A}"
EndProject
Project("{8BC9CEB8-8B4A-11D0-8D11-00A0C91BC942}") = "foundation", "code\foundation\foundation.vcxproj", "{81E2EC47-FEDA-4C4D-A6F7-493C4B92D2FF}"
EndProject
Project("{8BC9CEB8-8B4A-11D0-8D11-00A0C91BC942}") = "memory", "code\memory\memory.vcxproj", "{9FB86E9A-AE7F-4295-A36B-0EAD0DF7D749}"
EndProject
Project("{2150E333-8FDC-42A3-9474-1A3956D46DE8}") = "util", "util", "{C3173322-11A2-4345-9576-C5D94DD5B78B}"
EndProject
Project("{8BC9CEB8-8B4A-11D0-8D11-00A0C91BC942}") = "util", "code\util\util.vcxproj", "{DAD0A7D3-3C93-4A28-ABB9-CEE0E38F18BF}"
EndProject
Project("{8BC9CEB8-8B4A-11D0-8D11-00A0C91BC942}") = "plugin", "code\plugin\plugin.vcxproj", "{1ADA1DD9-68BB-4E31-BDE3-DE1208F0D537}"
EndProject
Project("{8BC9CEB8-8B4A-11D0-8D11-00A0C91BC942}") = "resource_manager", "code\resource_manager\resource_manager.vcxproj", "{1FAFF81C-CCB1-45CD-8187-802646CFF6E6}"
EndProject
Project("{8BC9CEB8-8B4A-11D0-8D11-00A0C91BC942}") = "imgui", "code\3rd_party\imgui\imgui.vcxproj", "{3420B694-89A1-4E00-814E-C8DA87B0143D}"
EndProject
Project("{8BC9CEB8-8B4A-11D0-8D11-00A0C91BC942}") = "gui", "code\gui\gui.vcxproj", "{CA8972FD-4D42-4A45-9B72-13B7B2C1EFD8}"
EndProject
Project("{8BC9CEB8-8B4A-11D0-8D11-00A0C91BC942}") = "snake_app", "code\snake_app\snake_app.vcxproj", "{75BBD480-FB3D-45E0-84B7-EF28B0993A2A}"
EndProject
Project("{2150E333-8FDC-42A3-9474-1A3956D46DE8}") = "common", "common", "{747A395D-F876-4185-A367-0D0C0EAF4106}"
EndProject
Project("{8BC9CEB8-8B4A-11D0-8D11-00A0C91BC942}") = "common", "code\common\common.vcxproj", "{817299B1-A2F0-4915-865B-28F5560619EF}"
EndProject
Global
	GlobalSection(SolutionConfigurationPlatforms) = preSolution
		Debug|x64 = Debug|x64
		Debug|x86 = Debug|x86
		Release|x64 = Release|x64
		Release|x86 = Release|x86
	EndGlobalSection
	GlobalSection(ProjectConfigurationPlatforms) = postSolution
		{33A09D2D-70DD-44AF-90C7-BD600F9ACE51}.Debug|x64.ActiveCfg = Debug|x64
		{33A09D2D-70DD-44AF-90C7-BD600F9ACE51}.Debug|x64.Build.0 = Debug|x64
		{33A09D2D-70DD-44AF-90C7-BD600F9ACE51}.Debug|x86.ActiveCfg = Debug|x64
		{33A09D2D-70DD-44AF-90C7-BD600F9ACE51}.Release|x64.ActiveCfg = Release|x64
		{33A09D2D-70DD-44AF-90C7-BD600F9ACE51}.Release|x64.Build.0 = Release|x64
		{33A09D2D-70DD-44AF-90C7-BD600F9ACE51}.Release|x86.ActiveCfg = Release|x64
		{15DAE8E3-4C6A-4BD3-895F-546150F7F91E}.Debug|x64.ActiveCfg = Debug|x64
		{15DAE8E3-4C6A-4BD3-895F-546150F7F91E}.Debug|x64.Build.0 = Debug|x64
		{15DAE8E3-4C6A-4BD3-895F-546150F7F91E}.Debug|x86.ActiveCfg = Debug|x64
		{15DAE8E3-4C6A-4BD3-895F-546150F7F91E}.Release|x64.ActiveCfg = Release|x64
		{15DAE8E3-4C6A-4BD3-895F-546150F7F91E}.Release|x64.Build.0 = Release|x64
		{15DAE8E3-4C6A-4BD3-895F-546150F7F91E}.Release|x86.ActiveCfg = Release|x64
		{95B68F9D-6106-44AC-A567-C84925ABF249}.Debug|x64.ActiveCfg = Debug|x64
		{95B68F9D-6106-44AC-A567-C84925ABF249}.Debug|x64.Build.0 = Debug|x64
		{95B68F9D-6106-44AC-A567-C84925ABF249}.Debug|x86.ActiveCfg = Debug|x64
		{95B68F9D-6106-44AC-A567-C84925ABF249}.Release|x64.ActiveCfg = Release|x64
		{95B68F9D-6106-44AC-A567-C84925ABF249}.Release|x64.Build.0 = Release|x64
		{95B68F9D-6106-44AC-A567-C84925ABF249}.Release|x86.ActiveCfg = Release|x64
		{BD909449-2803-4004-96D6-32F811382BF0}.Debug|x64.ActiveCfg = Debug|x64
		{BD909449-2803-4004-96D6-32F811382BF0}.Debug|x64.Build.0 = Debug|x64
		{BD909449-2803-4004-96D6-32F811382BF0}.Debug|x86.ActiveCfg = Debug|x64
		{BD909449-2803-4004-96D6-32F811382BF0}.Release|x64.ActiveCfg = Release|x64
		{BD909449-2803-4004-96D6-32F811382BF0}.Release|x64.Build.0 = Release|x64
		{BD909449-2803-4004-96D6-32F811382BF0}.Release|x86.ActiveCfg = Release|x64
		{6ECA4FDA-9944-488C-AB29-A0045344878E}.Debug|x64.ActiveCfg = Debug|x64
		{6ECA4FDA-9944-488C-AB29-A0045344878E}.Debug|x64.Build.0 = Debug|x64
		{6ECA4FDA-9944-488C-AB29-A0045344878E}.Debug|x86.ActiveCfg = Debug|x64
		{6ECA4FDA-9944-488C-AB29-A0045344878E}.Release|x64.ActiveCfg = Release|x64
		{6ECA4FDA-9944-488C-AB29-A0045344878E}.Release|x64.Build.0 = Release|x64
		{6ECA4FDA-9944-488C-AB29-A0045344878E}.Release|x86.ActiveCfg = Release|x64
		{F442CD81-4B2A-4AC2-8592-609CE3965B5C}.Debug|x64.ActiveCfg = Debug|x64
		{F442CD81-4B2A-4AC2-8592-609CE3965B5C}.Debug|x64.Build.0 = Debug|x64
		{F442CD81-4B2A-4AC2-8592-609CE3965B5C}.Debug|x86.ActiveCfg = Debug|x64
		{F442CD81-4B2A-4AC2-8592-609CE3965B5C}.Release|x64.ActiveCfg = Release|x64
		{F442CD81-4B2A-4AC2-8592-609CE3965B5C}.Release|x64.Build.0 = Release|x64
		{F442CD81-4B2A-4AC2-8592-609CE3965B5C}.Release|x86.ActiveCfg = Release|x64
		{37D909AE-46D5-4B92-AFA0-7FCD8E4159B6}.Debug|x64.ActiveCfg = Debug|x64
		{37D909AE-46D5-4B92-AFA0-7FCD8E4159B6}.Debug|x64.Build.0 = Debug|x64
		{37D909AE-46D5-4B92-AFA0-7FCD8E4159B6}.Debug|x86.ActiveCfg = Debug|x64
		{37D909AE-46D5-4B92-AFA0-7FCD8E4159B6}.Release|x64.ActiveCfg = Release|x64
		{37D909AE-46D5-4B92-AFA0-7FCD8E4159B6}.Release|x64.Build.0 = Release|x64
		{37D909AE-46D5-4B92-AFA0-7FCD8E4159B6}.Release|x86.ActiveCfg = Release|x64
		{8EC396C6-9853-45A0-94FE-BCFEBFE647D4}.Debug|x64.ActiveCfg = Debug|x64
		{8EC396C6-9853-45A0-94FE-BCFEBFE647D4}.Debug|x64.Build.0 = Debug|x64
		{8EC396C6-9853-45A0-94FE-BCFEBFE647D4}.Debug|x86.ActiveCfg = Debug|x64
		{8EC396C6-9853-45A0-94FE-BCFEBFE647D4}.Release|x64.ActiveCfg = Release|x64
		{8EC396C6-9853-45A0-94FE-BCFEBFE647D4}.Release|x64.Build.0 = Release|x64
		{8EC396C6-9853-45A0-94FE-BCFEBFE647D4}.Release|x86.ActiveCfg = Release|x64
		{CB5BDC22-7F9E-4AA9-A33E-D5C3A8BF7FF1}.Debug|x64.ActiveCfg = Debug|x64
		{CB5BDC22-7F9E-4AA9-A33E-D5C3A8BF7FF1}.Debug|x64.Build.0 = Debug|x64
		{CB5BDC22-7F9E-4AA9-A33E-D5C3A8BF7FF1}.Debug|x86.ActiveCfg = Debug|x64
		{CB5BDC22-7F9E-4AA9-A33E-D5C3A8BF7FF1}.Release|x64.ActiveCfg = Release|x64
		{CB5BDC22-7F9E-4AA9-A33E-D5C3A8BF7FF1}.Release|x64.Build.0 = Release|x64
		{CB5BDC22-7F9E-4AA9-A33E-D5C3A8BF7FF1}.Release|x86.ActiveCfg = Release|x64
		{8333F018-A7D7-4BA7-8E2C-44655620860F}.Debug|x64.ActiveCfg = Debug|x64
		{8333F018-A7D7-4BA7-8E2C-44655620860F}.Debug|x64.Build.0 = Debug|x64
		{8333F018-A7D7-4BA7-8E2C-44655620860F}.Debug|x86.ActiveCfg = Debug|x64
		{8333F018-A7D7-4BA7-8E2C-44655620860F}.Release|x64.ActiveCfg = Release|x64
		{8333F018-A7D7-4BA7-8E2C-44655620860F}.Release|x64.Build.0 = Release|x64
		{8333F018-A7D7-4BA7-8E2C-44655620860F}.Release|x86.ActiveCfg = Release|x64
		{3E76CDE2-37E8-4E04-94C2-19EEFED7F69F}.Debug|x64.ActiveCfg = Debug|x64
		{3E76CDE2-37E8-4E04-94C2-19EEFED7F69F}.Debug|x64.Build.0 = Debug|x64
		{3E76CDE2-37E8-4E04-94C2-19EEFED7F69F}.Debug|x86.ActiveCfg = Debug|x64
		{3E76CDE2-37E8-4E04-94C2-19EEFED7F69F}.Release|x64.ActiveCfg = Release|x64
		{3E76CDE2-37E8-4E04-94C2-19EEFED7F69F}.Release|x64.Build.0 = Release|x64
		{3E76CDE2-37E8-4E04-94C2-19EEFED7F69F}.Release|x86.ActiveCfg = Release|x64
		{42304925-462C-4B9F-922F-8AE0E02F2CCC}.Debug|x64.ActiveCfg = Debug|x64
		{42304925-462C-4B9F-922F-8AE0E02F2CCC}.Debug|x64.Build.0 = Debug|x64
		{42304925-462C-4B9F-922F-8AE0E02F2CCC}.Debug|x86.ActiveCfg = Debug|x64
		{42304925-462C-4B9F-922F-8AE0E02F2CCC}.Release|x64.ActiveCfg = Release|x64
		{42304925-462C-4B9F-922F-8AE0E02F2CCC}.Release|x64.Build.0 = Release|x64
		{42304925-462C-4B9F-922F-8AE0E02F2CCC}.Release|x86.ActiveCfg = Release|x64
		{075D1924-EB5A-4BE3-9A27-D366F6CE77A8}.Debug|x64.ActiveCfg = Debug|x64
		{075D1924-EB5A-4BE3-9A27-D366F6CE77A8}.Debug|x64.Build.0 = Debug|x64
		{075D1924-EB5A-4BE3-9A27-D366F6CE77A8}.Debug|x86.ActiveCfg = Debug|x64
		{075D1924-EB5A-4BE3-9A27-D366F6CE77A8}.Release|x64.ActiveCfg = Release|x64
		{075D1924-EB5A-4BE3-9A27-D366F6CE77A8}.Release|x64.Build.0 = Release|x64
		{075D1924-EB5A-4BE3-9A27-D366F6CE77A8}.Release|x86.ActiveCfg = Release|x64
		{ECE75F49-497F-4B51-98DF-EB5C82A87A4C}.Debug|x64.ActiveCfg = Debug|x64
		{ECE75F49-497F-4B51-98DF-EB5C82A87A4C}.Debug|x64.Build.0 = Debug|x64
		{ECE75F49-497F-4B51-98DF-EB5C82A87A4C}.Debug|x86.ActiveCfg = Debug|x64
		{ECE75F49-497F-4B51-98DF-EB5C82A87A4C}.Release|x64.ActiveCfg = Release|x64
		{ECE75F49-497F-4B51-98DF-EB5C82A87A4C}.Release|x64.Build.0 = Release|x64
		{ECE75F49-497F-4B51-98DF-EB5C82A87A4C}.Release|x86.ActiveCfg = Release|x64
		{F5DFB9DB-AB8B-4AC3-9F7B-23A891DF2F1A}.Debug|x64.ActiveCfg = Debug|x64
		{F5DFB9DB-AB8B-4AC3-9F7B-23A891DF2F1A}.Debug|x64.Build.0 = Debug|x64
		{F5DFB9DB-AB8B-4AC3-9F7B-23A891DF2F1A}.Debug|x86.ActiveCfg = Debug|x64
		{F5DFB9DB-AB8B-4AC3-9F7B-23A891DF2F1A}.Release|x64.ActiveCfg = Release|x64
		{F5DFB9DB-AB8B-4AC3-9F7B-23A891DF2F1A}.Release|x64.Build.0 = Release|x64
		{F5DFB9DB-AB8B-4AC3-9F7B-23A891DF2F1A}.Release|x86.ActiveCfg = Release|x64
		{81E2EC47-FEDA-4C4D-A6F7-493C4B92D2FF}.Debug|x64.ActiveCfg = Debug|x64
		{81E2EC47-FEDA-4C4D-A6F7-493C4B92D2FF}.Debug|x64.Build.0 = Debug|x64
		{81E2EC47-FEDA-4C4D-A6F7-493C4B92D2FF}.Debug|x86.ActiveCfg = Debug|x64
		{81E2EC47-FEDA-4C4D-A6F7-493C4B92D2FF}.Release|x64.ActiveCfg = Release|x64
		{81E2EC47-FEDA-4C4D-A6F7-493C4B92D2FF}.Release|x64.Build.0 = Release|x64
		{81E2EC47-FEDA-4C4D-A6F7-493C4B92D2FF}.Release|x64.Deploy.0 = Release|x64
		{81E2EC47-FEDA-4C4D-A6F7-493C4B92D2FF}.Release|x86.ActiveCfg = Release|x64
		{9FB86E9A-AE7F-4295-A36B-0EAD0DF7D749}.Debug|x64.ActiveCfg = Debug|x64
		{9FB86E9A-AE7F-4295-A36B-0EAD0DF7D749}.Debug|x64.Build.0 = Debug|x64
		{9FB86E9A-AE7F-4295-A36B-0EAD0DF7D749}.Debug|x86.ActiveCfg = Debug|x64
		{9FB86E9A-AE7F-4295-A36B-0EAD0DF7D749}.Release|x64.ActiveCfg = Release|x64
		{9FB86E9A-AE7F-4295-A36B-0EAD0DF7D749}.Release|x64.Build.0 = Release|x64
		{9FB86E9A-AE7F-4295-A36B-0EAD0DF7D749}.Release|x64.Deploy.0 = Release|x64
		{9FB86E9A-AE7F-4295-A36B-0EAD0DF7D749}.Release|x86.ActiveCfg = Release|x64
		{DAD0A7D3-3C93-4A28-ABB9-CEE0E38F18BF}.Debug|x64.ActiveCfg = Debug|x64
		{DAD0A7D3-3C93-4A28-ABB9-CEE0E38F18BF}.Debug|x64.Build.0 = Debug|x64
		{DAD0A7D3-3C93-4A28-ABB9-CEE0E38F18BF}.Debug|x86.ActiveCfg = Debug|x64
		{DAD0A7D3-3C93-4A28-ABB9-CEE0E38F18BF}.Release|x64.ActiveCfg = Release|x64
		{DAD0A7D3-3C93-4A28-ABB9-CEE0E38F18BF}.Release|x64.Build.0 = Release|x64
		{DAD0A7D3-3C93-4A28-ABB9-CEE0E38F18BF}.Release|x64.Deploy.0 = Release|x64
		{DAD0A7D3-3C93-4A28-ABB9-CEE0E38F18BF}.Release|x86.ActiveCfg = Release|x64
		{1ADA1DD9-68BB-4E31-BDE3-DE1208F0D537}.Debug|x64.ActiveCfg = Debug|x64
		{1ADA1DD9-68BB-4E31-BDE3-DE1208F0D537}.Debug|x64.Build.0 = Debug|x64
		{1ADA1DD9-68BB-4E31-BDE3-DE1208F0D537}.Debug|x86.ActiveCfg = Debug|x64
		{1ADA1DD9-68BB-4E31-BDE3-DE1208F0D537}.Release|x64.ActiveCfg = Release|x64
		{1ADA1DD9-68BB-4E31-BDE3-DE1208F0D537}.Release|x64.Build.0 = Release|x64
		{1ADA1DD9-68BB-4E31-BDE3-DE1208F0D537}.Release|x86.ActiveCfg = Release|x64
		{1FAFF81C-CCB1-45CD-8187-802646CFF6E6}.Debug|x64.ActiveCfg = Debug|x64
		{1FAFF81C-CCB1-45CD-8187-802646CFF6E6}.Debug|x64.Build.0 = Debug|x64
		{1FAFF81C-CCB1-45CD-8187-802646CFF6E6}.Debug|x86.ActiveCfg = Debug|x64
		{1FAFF81C-CCB1-45CD-8187-802646CFF6E6}.Release|x64.ActiveCfg = Release|x64
		{1FAFF81C-CCB1-45CD-8187-802646CFF6E6}.Release|x64.Build.0 = Release|x64
		{1FAFF81C-CCB1-45CD-8187-802646CFF6E6}.Release|x86.ActiveCfg = Release|x64
		{3420B694-89A1-4E00-814E-C8DA87B0143D}.Debug|x64.ActiveCfg = Debug|x64
		{3420B694-89A1-4E00-814E-C8DA87B0143D}.Debug|x64.Build.0 = Debug|x64
		{3420B694-89A1-4E00-814E-C8DA87B0143D}.Debug|x86.ActiveCfg = Debug|x64
		{3420B694-89A1-4E00-814E-C8DA87B0143D}.Release|x64.ActiveCfg = Release|x64
		{3420B694-89A1-4E00-814E-C8DA87B0143D}.Release|x64.Build.0 = Release|x64
		{3420B694-89A1-4E00-814E-C8DA87B0143D}.Release|x86.ActiveCfg = Release|x64
		{CA8972FD-4D42-4A45-9B72-13B7B2C1EFD8}.Debug|x64.ActiveCfg = Debug|x64
		{CA8972FD-4D42-4A45-9B72-13B7B2C1EFD8}.Debug|x64.Build.0 = Debug|x64
		{CA8972FD-4D42-4A45-9B72-13B7B2C1EFD8}.Debug|x86.ActiveCfg = Debug|x64
		{CA8972FD-4D42-4A45-9B72-13B7B2C1EFD8}.Release|x64.ActiveCfg = Release|x64
		{CA8972FD-4D42-4A45-9B72-13B7B2C1EFD8}.Release|x64.Build.0 = Release|x64
		{CA8972FD-4D42-4A45-9B72-13B7B2C1EFD8}.Release|x86.ActiveCfg = Release|x64
		{75BBD480-FB3D-45E0-84B7-EF28B0993A2A}.Debug|x64.ActiveCfg = Debug|x64
		{75BBD480-FB3D-45E0-84B7-EF28B0993A2A}.Debug|x64.Build.0 = Debug|x64
		{75BBD480-FB3D-45E0-84B7-EF28B0993A2A}.Debug|x86.ActiveCfg = Debug|x64
		{75BBD480-FB3D-45E0-84B7-EF28B0993A2A}.Release|x64.ActiveCfg = Release|x64
		{75BBD480-FB3D-45E0-84B7-EF28B0993A2A}.Release|x64.Build.0 = Release|x64
		{75BBD480-FB3D-45E0-84B7-EF28B0993A2A}.Release|x86.ActiveCfg = Release|x64
		{817299B1-A2F0-4915-865B-28F5560619EF}.Debug|x64.ActiveCfg = Debug|x64
		{817299B1-A2F0-4915-865B-28F5560619EF}.Debug|x64.Build.0 = Debug|x64
		{817299B1-A2F0-4915-865B-28F5560619EF}.Debug|x86.ActiveCfg = Debug|x64
		{817299B1-A2F0-4915-865B-28F5560619EF}.Release|x64.ActiveCfg = Release|x64
		{817299B1-A2F0-4915-865B-28F5560619EF}.Release|x64.Build.0 = Release|x64
		{817299B1-A2F0-4915-865B-28F5560619EF}.Release|x86.ActiveCfg = Release|x64
	EndGlobalSection
	GlobalSection(SolutionProperties) = preSolution
		HideSolutionNode = FALSE
	EndGlobalSection
	GlobalSection(NestedProjects) = preSolution
		{15DAE8E3-4C6A-4BD3-895F-546150F7F91E} = {F1CC5A53-273A-4388-AA77-ECC508226680}
		{95B68F9D-6106-44AC-A567-C84925ABF249} = {F1CC5A53-273A-4388-AA77-ECC508226680}
		{BD909449-2803-4004-96D6-32F811382BF0} = {93ADB045-E958-465D-8FFC-0102475021CC}
		{6ECA4FDA-9944-488C-AB29-A0045344878E} = {F1CC5A53-273A-4388-AA77-ECC508226680}
		{F442CD81-4B2A-4AC2-8592-609CE3965B5C} = {AADCCE2A-0F9D-4323-921D-23EEC1D57F43}
		{37D909AE-46D5-4B92-AFA0-7FCD8E4159B6} = {B33D4C09-2BEA-4E31-83D8-6D3F443EBFD0}
		{8EC396C6-9853-45A0-94FE-BCFEBFE647D4} = {AADCCE2A-0F9D-4323-921D-23EEC1D57F43}
		{CB5BDC22-7F9E-4AA9-A33E-D5C3A8BF7FF1} = {1AF9234A-2745-4B17-A852-A7A0AC0E405A}
		{8333F018-A7D7-4BA7-8E2C-44655620860F} = {2EAD5EAC-09EE-4927-B2D3-EBC6803B5205}
		{3E76CDE2-37E8-4E04-94C2-19EEFED7F69F} = {93ADB045-E958-465D-8FFC-0102475021CC}
		{42304925-462C-4B9F-922F-8AE0E02F2CCC} = {AADCCE2A-0F9D-4323-921D-23EEC1D57F43}
		{075D1924-EB5A-4BE3-9A27-D366F6CE77A8} = {1AF9234A-2745-4B17-A852-A7A0AC0E405A}
		{ECE75F49-497F-4B51-98DF-EB5C82A87A4C} = {AADCCE2A-0F9D-4323-921D-23EEC1D57F43}
		{F5DFB9DB-AB8B-4AC3-9F7B-23A891DF2F1A} = {AADCCE2A-0F9D-4323-921D-23EEC1D57F43}
		{81E2EC47-FEDA-4C4D-A6F7-493C4B92D2FF} = {F1CC5A53-273A-4388-AA77-ECC508226680}
		{9FB86E9A-AE7F-4295-A36B-0EAD0DF7D749} = {F1CC5A53-273A-4388-AA77-ECC508226680}
		{DAD0A7D3-3C93-4A28-ABB9-CEE0E38F18BF} = {C3173322-11A2-4345-9576-C5D94DD5B78B}
		{1ADA1DD9-68BB-4E31-BDE3-DE1208F0D537} = {F1CC5A53-273A-4388-AA77-ECC508226680}
		{1FAFF81C-CCB1-45CD-8187-802646CFF6E6} = {AADCCE2A-0F9D-4323-921D-23EEC1D57F43}
		{3420B694-89A1-4E00-814E-C8DA87B0143D} = {1AF9234A-2745-4B17-A852-A7A0AC0E405A}
		{CA8972FD-4D42-4A45-9B72-13B7B2C1EFD8} = {AADCCE2A-0F9D-4323-921D-23EEC1D57F43}
		{75BBD480-FB3D-45E0-84B7-EF28B0993A2A} = {93ADB045-E958-465D-8FFC-0102475021CC}
		{817299B1-A2F0-4915-865B-28F5560619EF} = {747A395D-F876-4185-A367-0D0C0EAF4106}
	EndGlobalSection
	GlobalSection(ExtensibilityGlobals) = postSolution
		SolutionGuid = {61F283C3-90AE-4C79-90E3-053613F89E25}
	EndGlobalSection
EndGlobal
